// !$*UTF8*$!
{
	archiveVersion = 1;
	classes = {
	};
	objectVersion = 54;
	objects = {

/* Begin PBXBuildFile section */
		0FF0921F6E3847C09F264805 /* Pods_Boosters_iOS_Challenge.framework in Frameworks */ = {isa = PBXBuildFile; fileRef = 7E2650F43506ADBFA578E3F2 /* Pods_Boosters_iOS_Challenge.framework */; };
		3963043E26454D690080154B /* AlertHelper.swift in Sources */ = {isa = PBXBuildFile; fileRef = 3963043D26454D690080154B /* AlertHelper.swift */; };
		39630444264560130080154B /* AppStateAction.swift in Sources */ = {isa = PBXBuildFile; fileRef = 39630443264560130080154B /* AppStateAction.swift */; };
		39630447264571240080154B /* UIViewController.swift in Sources */ = {isa = PBXBuildFile; fileRef = 39630446264571240080154B /* UIViewController.swift */; };
		3995422B26453700007CDE33 /* ReSwiftBridging.swift in Sources */ = {isa = PBXBuildFile; fileRef = 3995422A26453700007CDE33 /* ReSwiftBridging.swift */; };
		39D8E3722643D73600012457 /* AppDelegate.swift in Sources */ = {isa = PBXBuildFile; fileRef = 39D8E3712643D73600012457 /* AppDelegate.swift */; };
		39D8E37B2643D73600012457 /* Assets.xcassets in Resources */ = {isa = PBXBuildFile; fileRef = 39D8E37A2643D73600012457 /* Assets.xcassets */; };
		39D8E37E2643D73600012457 /* LaunchScreen.storyboard in Resources */ = {isa = PBXBuildFile; fileRef = 39D8E37C2643D73600012457 /* LaunchScreen.storyboard */; };
		39D8E3B12643D7D400012457 /* AppCoordinator.swift in Sources */ = {isa = PBXBuildFile; fileRef = 39D8E3B02643D7D400012457 /* AppCoordinator.swift */; };
		39D8E3B72643D8B800012457 /* Repository.swift in Sources */ = {isa = PBXBuildFile; fileRef = 39D8E3B62643D8B800012457 /* Repository.swift */; };
		39D8E3BC2643E19800012457 /* RepositoryOwner.swift in Sources */ = {isa = PBXBuildFile; fileRef = 39D8E3BB2643E19800012457 /* RepositoryOwner.swift */; };
		39D8E3C22643E3E600012457 /* Date.swift in Sources */ = {isa = PBXBuildFile; fileRef = 39D8E3C12643E3E600012457 /* Date.swift */; };
		39D8E3E42643F10200012457 /* AppState.swift in Sources */ = {isa = PBXBuildFile; fileRef = 39D8E3E32643F10200012457 /* AppState.swift */; };
		39D8E3F22643F3C400012457 /* RepositoriesViewState.swift in Sources */ = {isa = PBXBuildFile; fileRef = 39D8E3F12643F3C400012457 /* RepositoriesViewState.swift */; };
		39D8E3F62643F3D100012457 /* RepositoryDetailsViewState.swift in Sources */ = {isa = PBXBuildFile; fileRef = 39D8E3F52643F3D100012457 /* RepositoryDetailsViewState.swift */; };
		39D8E4072644016C00012457 /* UITableView.swift in Sources */ = {isa = PBXBuildFile; fileRef = 39D8E4062644016C00012457 /* UITableView.swift */; };
		39D8E40E2644023700012457 /* RepositoryCell.swift in Sources */ = {isa = PBXBuildFile; fileRef = 39D8E40C2644023700012457 /* RepositoryCell.swift */; };
		39D8E40F2644023700012457 /* RepositoryCell.xib in Resources */ = {isa = PBXBuildFile; fileRef = 39D8E40D2644023700012457 /* RepositoryCell.xib */; };
		39D8E4122644074300012457 /* UIImageView.swift in Sources */ = {isa = PBXBuildFile; fileRef = 39D8E4112644074300012457 /* UIImageView.swift */; };
		39D8E4162644082200012457 /* ImageCacher.swift in Sources */ = {isa = PBXBuildFile; fileRef = 39D8E4152644082200012457 /* ImageCacher.swift */; };
		39D8E41B26440A3F00012457 /* RepositoriesViewController.swift in Sources */ = {isa = PBXBuildFile; fileRef = 39D8E41A26440A3F00012457 /* RepositoriesViewController.swift */; };
		39D8E41F26440D8200012457 /* StoreLocator.swift in Sources */ = {isa = PBXBuildFile; fileRef = 39D8E41E26440D8200012457 /* StoreLocator.swift */; };
		39D8E42226440FB700012457 /* Repositories.storyboard in Resources */ = {isa = PBXBuildFile; fileRef = 39D8E42126440FB700012457 /* Repositories.storyboard */; };
		39D8E426264415D300012457 /* RepositoryDetailsViewController.swift in Sources */ = {isa = PBXBuildFile; fileRef = 39D8E425264415D300012457 /* RepositoryDetailsViewController.swift */; };
		39D8E42D2644163C00012457 /* RepositoryDetails.storyboard in Resources */ = {isa = PBXBuildFile; fileRef = 39D8E42C2644163C00012457 /* RepositoryDetails.storyboard */; };
		39D8E4312644177700012457 /* RepositoryDetailsHeader.swift in Sources */ = {isa = PBXBuildFile; fileRef = 39D8E4302644177700012457 /* RepositoryDetailsHeader.swift */; };
		39D8E4352644189100012457 /* RepositoryDetailsHeader.xib in Resources */ = {isa = PBXBuildFile; fileRef = 39D8E4342644189100012457 /* RepositoryDetailsHeader.xib */; };
		39D8E43826441D0A00012457 /* RepositoryDetailsSection.swift in Sources */ = {isa = PBXBuildFile; fileRef = 39D8E43726441D0A00012457 /* RepositoryDetailsSection.swift */; };
		39D8E43D26441F2F00012457 /* RepositoryDetailsCell.swift in Sources */ = {isa = PBXBuildFile; fileRef = 39D8E43B26441F2F00012457 /* RepositoryDetailsCell.swift */; };
		39D8E43E26441F2F00012457 /* RepositoryDetailsCell.xib in Resources */ = {isa = PBXBuildFile; fileRef = 39D8E43C26441F2F00012457 /* RepositoryDetailsCell.xib */; };
		39D8E4412644244800012457 /* GitHubService.swift in Sources */ = {isa = PBXBuildFile; fileRef = 39D8E4402644244800012457 /* GitHubService.swift */; };
		39D8E44D264425EE00012457 /* GitHubRouter.swift in Sources */ = {isa = PBXBuildFile; fileRef = 39D8E44C264425EE00012457 /* GitHubRouter.swift */; };
		39D8E45426443B4F00012457 /* UIStoryboard.swift in Sources */ = {isa = PBXBuildFile; fileRef = 39D8E45326443B4F00012457 /* UIStoryboard.swift */; };
/* End PBXBuildFile section */

/* Begin PBXFileReference section */
		2BE5114B58046DDA2CD0E936 /* Pods-Boosters iOS Challenge.debug.xcconfig */ = {isa = PBXFileReference; includeInIndex = 1; lastKnownFileType = text.xcconfig; name = "Pods-Boosters iOS Challenge.debug.xcconfig"; path = "Target Support Files/Pods-Boosters iOS Challenge/Pods-Boosters iOS Challenge.debug.xcconfig"; sourceTree = "<group>"; };
		2C2F42E37F2BBE3030C4F918 /* Pods-Boosters iOS Challenge.release.xcconfig */ = {isa = PBXFileReference; includeInIndex = 1; lastKnownFileType = text.xcconfig; name = "Pods-Boosters iOS Challenge.release.xcconfig"; path = "Target Support Files/Pods-Boosters iOS Challenge/Pods-Boosters iOS Challenge.release.xcconfig"; sourceTree = "<group>"; };
		3963043D26454D690080154B /* AlertHelper.swift */ = {isa = PBXFileReference; lastKnownFileType = sourcecode.swift; path = AlertHelper.swift; sourceTree = "<group>"; };
		39630443264560130080154B /* AppStateAction.swift */ = {isa = PBXFileReference; lastKnownFileType = sourcecode.swift; path = AppStateAction.swift; sourceTree = "<group>"; };
		39630446264571240080154B /* UIViewController.swift */ = {isa = PBXFileReference; lastKnownFileType = sourcecode.swift; path = UIViewController.swift; sourceTree = "<group>"; };
		3995422A26453700007CDE33 /* ReSwiftBridging.swift */ = {isa = PBXFileReference; fileEncoding = 4; lastKnownFileType = sourcecode.swift; path = ReSwiftBridging.swift; sourceTree = "<group>"; };
		39D8E36E2643D73600012457 /* Boosters iOS Challenge.app */ = {isa = PBXFileReference; explicitFileType = wrapper.application; includeInIndex = 0; path = "Boosters iOS Challenge.app"; sourceTree = BUILT_PRODUCTS_DIR; };
		39D8E3712643D73600012457 /* AppDelegate.swift */ = {isa = PBXFileReference; lastKnownFileType = sourcecode.swift; path = AppDelegate.swift; sourceTree = "<group>"; };
		39D8E37A2643D73600012457 /* Assets.xcassets */ = {isa = PBXFileReference; lastKnownFileType = folder.assetcatalog; path = Assets.xcassets; sourceTree = "<group>"; };
		39D8E37D2643D73600012457 /* Base */ = {isa = PBXFileReference; lastKnownFileType = file.storyboard; name = Base; path = Base.lproj/LaunchScreen.storyboard; sourceTree = "<group>"; };
		39D8E37F2643D73600012457 /* Info.plist */ = {isa = PBXFileReference; lastKnownFileType = text.plist.xml; path = Info.plist; sourceTree = "<group>"; };
		39D8E3B02643D7D400012457 /* AppCoordinator.swift */ = {isa = PBXFileReference; lastKnownFileType = sourcecode.swift; path = AppCoordinator.swift; sourceTree = "<group>"; };
		39D8E3B62643D8B800012457 /* Repository.swift */ = {isa = PBXFileReference; lastKnownFileType = sourcecode.swift; path = Repository.swift; sourceTree = "<group>"; };
		39D8E3BB2643E19800012457 /* RepositoryOwner.swift */ = {isa = PBXFileReference; lastKnownFileType = sourcecode.swift; path = RepositoryOwner.swift; sourceTree = "<group>"; };
		39D8E3C12643E3E600012457 /* Date.swift */ = {isa = PBXFileReference; lastKnownFileType = sourcecode.swift; path = Date.swift; sourceTree = "<group>"; };
		39D8E3E32643F10200012457 /* AppState.swift */ = {isa = PBXFileReference; lastKnownFileType = sourcecode.swift; path = AppState.swift; sourceTree = "<group>"; };
		39D8E3F12643F3C400012457 /* RepositoriesViewState.swift */ = {isa = PBXFileReference; lastKnownFileType = sourcecode.swift; path = RepositoriesViewState.swift; sourceTree = "<group>"; };
		39D8E3F52643F3D100012457 /* RepositoryDetailsViewState.swift */ = {isa = PBXFileReference; lastKnownFileType = sourcecode.swift; path = RepositoryDetailsViewState.swift; sourceTree = "<group>"; };
		39D8E4062644016C00012457 /* UITableView.swift */ = {isa = PBXFileReference; lastKnownFileType = sourcecode.swift; path = UITableView.swift; sourceTree = "<group>"; };
		39D8E40C2644023700012457 /* RepositoryCell.swift */ = {isa = PBXFileReference; lastKnownFileType = sourcecode.swift; path = RepositoryCell.swift; sourceTree = "<group>"; };
		39D8E40D2644023700012457 /* RepositoryCell.xib */ = {isa = PBXFileReference; lastKnownFileType = file.xib; path = RepositoryCell.xib; sourceTree = "<group>"; };
		39D8E4112644074300012457 /* UIImageView.swift */ = {isa = PBXFileReference; lastKnownFileType = sourcecode.swift; path = UIImageView.swift; sourceTree = "<group>"; };
		39D8E4152644082200012457 /* ImageCacher.swift */ = {isa = PBXFileReference; lastKnownFileType = sourcecode.swift; path = ImageCacher.swift; sourceTree = "<group>"; };
		39D8E41A26440A3F00012457 /* RepositoriesViewController.swift */ = {isa = PBXFileReference; lastKnownFileType = sourcecode.swift; path = RepositoriesViewController.swift; sourceTree = "<group>"; };
		39D8E41E26440D8200012457 /* StoreLocator.swift */ = {isa = PBXFileReference; lastKnownFileType = sourcecode.swift; path = StoreLocator.swift; sourceTree = "<group>"; };
		39D8E42126440FB700012457 /* Repositories.storyboard */ = {isa = PBXFileReference; lastKnownFileType = file.storyboard; path = Repositories.storyboard; sourceTree = "<group>"; };
		39D8E425264415D300012457 /* RepositoryDetailsViewController.swift */ = {isa = PBXFileReference; lastKnownFileType = sourcecode.swift; path = RepositoryDetailsViewController.swift; sourceTree = "<group>"; };
		39D8E42C2644163C00012457 /* RepositoryDetails.storyboard */ = {isa = PBXFileReference; lastKnownFileType = file.storyboard; path = RepositoryDetails.storyboard; sourceTree = "<group>"; };
		39D8E4302644177700012457 /* RepositoryDetailsHeader.swift */ = {isa = PBXFileReference; lastKnownFileType = sourcecode.swift; path = RepositoryDetailsHeader.swift; sourceTree = "<group>"; };
		39D8E4342644189100012457 /* RepositoryDetailsHeader.xib */ = {isa = PBXFileReference; lastKnownFileType = file.xib; path = RepositoryDetailsHeader.xib; sourceTree = "<group>"; };
		39D8E43726441D0A00012457 /* RepositoryDetailsSection.swift */ = {isa = PBXFileReference; lastKnownFileType = sourcecode.swift; path = RepositoryDetailsSection.swift; sourceTree = "<group>"; };
		39D8E43B26441F2F00012457 /* RepositoryDetailsCell.swift */ = {isa = PBXFileReference; lastKnownFileType = sourcecode.swift; path = RepositoryDetailsCell.swift; sourceTree = "<group>"; };
		39D8E43C26441F2F00012457 /* RepositoryDetailsCell.xib */ = {isa = PBXFileReference; lastKnownFileType = file.xib; path = RepositoryDetailsCell.xib; sourceTree = "<group>"; };
		39D8E4402644244800012457 /* GitHubService.swift */ = {isa = PBXFileReference; lastKnownFileType = sourcecode.swift; path = GitHubService.swift; sourceTree = "<group>"; };
		39D8E44C264425EE00012457 /* GitHubRouter.swift */ = {isa = PBXFileReference; lastKnownFileType = sourcecode.swift; path = GitHubRouter.swift; sourceTree = "<group>"; };
		39D8E45326443B4F00012457 /* UIStoryboard.swift */ = {isa = PBXFileReference; lastKnownFileType = sourcecode.swift; path = UIStoryboard.swift; sourceTree = "<group>"; };
		725F9A611C97287096BF94D3 /* Pods-Boosters iOS Challenge-Boosters iOS ChallengeUITests.release.xcconfig */ = {isa = PBXFileReference; includeInIndex = 1; lastKnownFileType = text.xcconfig; name = "Pods-Boosters iOS Challenge-Boosters iOS ChallengeUITests.release.xcconfig"; path = "Target Support Files/Pods-Boosters iOS Challenge-Boosters iOS ChallengeUITests/Pods-Boosters iOS Challenge-Boosters iOS ChallengeUITests.release.xcconfig"; sourceTree = "<group>"; };
		78C6CBC028E15FEB1E814653 /* Pods-Boosters iOS ChallengeTests.release.xcconfig */ = {isa = PBXFileReference; includeInIndex = 1; lastKnownFileType = text.xcconfig; name = "Pods-Boosters iOS ChallengeTests.release.xcconfig"; path = "Target Support Files/Pods-Boosters iOS ChallengeTests/Pods-Boosters iOS ChallengeTests.release.xcconfig"; sourceTree = "<group>"; };
		7E2650F43506ADBFA578E3F2 /* Pods_Boosters_iOS_Challenge.framework */ = {isa = PBXFileReference; explicitFileType = wrapper.framework; includeInIndex = 0; path = Pods_Boosters_iOS_Challenge.framework; sourceTree = BUILT_PRODUCTS_DIR; };
		AA239C12C8C7B84825D4E754 /* Pods-Boosters iOS ChallengeTests.debug.xcconfig */ = {isa = PBXFileReference; includeInIndex = 1; lastKnownFileType = text.xcconfig; name = "Pods-Boosters iOS ChallengeTests.debug.xcconfig"; path = "Target Support Files/Pods-Boosters iOS ChallengeTests/Pods-Boosters iOS ChallengeTests.debug.xcconfig"; sourceTree = "<group>"; };
		ABDA46D42C0E3EEC070EC8F2 /* Pods-Boosters iOS Challenge-Boosters iOS ChallengeUITests.debug.xcconfig */ = {isa = PBXFileReference; includeInIndex = 1; lastKnownFileType = text.xcconfig; name = "Pods-Boosters iOS Challenge-Boosters iOS ChallengeUITests.debug.xcconfig"; path = "Target Support Files/Pods-Boosters iOS Challenge-Boosters iOS ChallengeUITests/Pods-Boosters iOS Challenge-Boosters iOS ChallengeUITests.debug.xcconfig"; sourceTree = "<group>"; };
		D51C05D24B10AE9CEC03EB39 /* Pods_Boosters_iOS_Challenge_Boosters_iOS_ChallengeUITests.framework */ = {isa = PBXFileReference; explicitFileType = wrapper.framework; includeInIndex = 0; path = Pods_Boosters_iOS_Challenge_Boosters_iOS_ChallengeUITests.framework; sourceTree = BUILT_PRODUCTS_DIR; };
		DC9B69E0F6B403FEF4ECAC8A /* Pods_Boosters_iOS_ChallengeTests.framework */ = {isa = PBXFileReference; explicitFileType = wrapper.framework; includeInIndex = 0; path = Pods_Boosters_iOS_ChallengeTests.framework; sourceTree = BUILT_PRODUCTS_DIR; };
/* End PBXFileReference section */

/* Begin PBXFrameworksBuildPhase section */
		39D8E36B2643D73600012457 /* Frameworks */ = {
			isa = PBXFrameworksBuildPhase;
			buildActionMask = 2147483647;
			files = (
				0FF0921F6E3847C09F264805 /* Pods_Boosters_iOS_Challenge.framework in Frameworks */,
			);
			runOnlyForDeploymentPostprocessing = 0;
		};
/* End PBXFrameworksBuildPhase section */

/* Begin PBXGroup section */
		3963043C26454D600080154B /* Helpers */ = {
			isa = PBXGroup;
			children = (
				3963043D26454D690080154B /* AlertHelper.swift */,
			);
			path = Helpers;
			sourceTree = "<group>";
		};
		3963045426458DC50080154B /* UI */ = {
			isa = PBXGroup;
			children = (
				39D8E3AF2643D7C400012457 /* Navigation */,
				39D8E401264400C900012457 /* Screens */,
				39D8E409264401A400012457 /* Views */,
			);
			path = UI;
			sourceTree = "<group>";
		};
		3963045526458DFF0080154B /* Abstractions */ = {
			isa = PBXGroup;
			children = (
				3995422A26453700007CDE33 /* ReSwiftBridging.swift */,
			);
			path = Abstractions;
			sourceTree = "<group>";
		};
		3963045626458E560080154B /* Resourses */ = {
			isa = PBXGroup;
			children = (
				39D8E3712643D73600012457 /* AppDelegate.swift */,
				39D8E37F2643D73600012457 /* Info.plist */,
				39D8E37A2643D73600012457 /* Assets.xcassets */,
				39D8E37C2643D73600012457 /* LaunchScreen.storyboard */,
			);
			path = Resourses;
			sourceTree = "<group>";
		};
		39D8E3652643D73600012457 = {
			isa = PBXGroup;
			children = (
				39D8E3702643D73600012457 /* Boosters iOS Challenge */,
				3963045626458E560080154B /* Resourses */,
				39D8E36F2643D73600012457 /* Products */,
				685D5EF97B0F3CE75B13E50E /* Pods */,
				A77B3423BF84E886CF0E9ADD /* Frameworks */,
			);
			sourceTree = "<group>";
		};
		39D8E36F2643D73600012457 /* Products */ = {
			isa = PBXGroup;
			children = (
				39D8E36E2643D73600012457 /* Boosters iOS Challenge.app */,
			);
			name = Products;
			sourceTree = "<group>";
		};
		39D8E3702643D73600012457 /* Boosters iOS Challenge */ = {
			isa = PBXGroup;
			children = (
				39D8E3AD2643D7A900012457 /* Sources */,
				39D8E3B52643D88500012457 /* Entities */,
				39D8E3D12643E92400012457 /* Network */,
				39D8E4142644081100012457 /* Utility */,
				3963043C26454D600080154B /* Helpers */,
				39D8E3C02643E3DD00012457 /* Extensions */,
			);
			path = "Boosters iOS Challenge";
			sourceTree = "<group>";
		};
		39D8E3AD2643D7A900012457 /* Sources */ = {
			isa = PBXGroup;
			children = (
				3963045526458DFF0080154B /* Abstractions */,
				39D8E41D26440D6D00012457 /* Locators */,
				39D8E3E22643F0F100012457 /* State */,
				39D8E3E62643F17300012457 /* Actions */,
				3963045426458DC50080154B /* UI */,
			);
			path = Sources;
			sourceTree = "<group>";
		};
		39D8E3AF2643D7C400012457 /* Navigation */ = {
			isa = PBXGroup;
			children = (
				39D8E3B02643D7D400012457 /* AppCoordinator.swift */,
			);
			path = Navigation;
			sourceTree = "<group>";
		};
		39D8E3B52643D88500012457 /* Entities */ = {
			isa = PBXGroup;
			children = (
				39D8E3B62643D8B800012457 /* Repository.swift */,
				39D8E3BB2643E19800012457 /* RepositoryOwner.swift */,
				39D8E43726441D0A00012457 /* RepositoryDetailsSection.swift */,
			);
			path = Entities;
			sourceTree = "<group>";
		};
		39D8E3C02643E3DD00012457 /* Extensions */ = {
			isa = PBXGroup;
			children = (
				39D8E3C12643E3E600012457 /* Date.swift */,
				39D8E4062644016C00012457 /* UITableView.swift */,
				39D8E4112644074300012457 /* UIImageView.swift */,
				39D8E45326443B4F00012457 /* UIStoryboard.swift */,
				39630446264571240080154B /* UIViewController.swift */,
			);
			path = Extensions;
			sourceTree = "<group>";
		};
		39D8E3D12643E92400012457 /* Network */ = {
			isa = PBXGroup;
			children = (
				39D8E4402644244800012457 /* GitHubService.swift */,
				39D8E44C264425EE00012457 /* GitHubRouter.swift */,
			);
			path = Network;
			sourceTree = "<group>";
		};
		39D8E3E22643F0F100012457 /* State */ = {
			isa = PBXGroup;
			children = (
				39D8E3E32643F10200012457 /* AppState.swift */,
				39D8E3F12643F3C400012457 /* RepositoriesViewState.swift */,
				39D8E3F52643F3D100012457 /* RepositoryDetailsViewState.swift */,
			);
			path = State;
			sourceTree = "<group>";
		};
		39D8E3E62643F17300012457 /* Actions */ = {
			isa = PBXGroup;
			children = (
				39630443264560130080154B /* AppStateAction.swift */,
			);
			path = Actions;
			sourceTree = "<group>";
		};
		39D8E401264400C900012457 /* Screens */ = {
			isa = PBXGroup;
			children = (
				39D8E41826440A1E00012457 /* RepositoriesScreen */,
				39D8E424264415B100012457 /* RepositoryDetailsScreen */,
			);
			path = Screens;
			sourceTree = "<group>";
		};
		39D8E409264401A400012457 /* Views */ = {
			isa = PBXGroup;
			children = (
				39D8E42F2644171F00012457 /* RepositoryDetailsHeader */,
				39D8E40A2644020C00012457 /* TableViewCells */,
			);
			path = Views;
			sourceTree = "<group>";
		};
		39D8E40A2644020C00012457 /* TableViewCells */ = {
			isa = PBXGroup;
			children = (
				39D8E40B2644021700012457 /* RepositoryCell */,
				39D8E43A26441F0900012457 /* RepositoryDetailsCell */,
			);
			path = TableViewCells;
			sourceTree = "<group>";
		};
		39D8E40B2644021700012457 /* RepositoryCell */ = {
			isa = PBXGroup;
			children = (
				39D8E40C2644023700012457 /* RepositoryCell.swift */,
				39D8E40D2644023700012457 /* RepositoryCell.xib */,
			);
			path = RepositoryCell;
			sourceTree = "<group>";
		};
		39D8E4142644081100012457 /* Utility */ = {
			isa = PBXGroup;
			children = (
				39D8E4152644082200012457 /* ImageCacher.swift */,
			);
			path = Utility;
			sourceTree = "<group>";
		};
		39D8E41826440A1E00012457 /* RepositoriesScreen */ = {
			isa = PBXGroup;
			children = (
				39D8E41A26440A3F00012457 /* RepositoriesViewController.swift */,
				39D8E42126440FB700012457 /* Repositories.storyboard */,
			);
			path = RepositoriesScreen;
			sourceTree = "<group>";
		};
		39D8E41D26440D6D00012457 /* Locators */ = {
			isa = PBXGroup;
			children = (
				39D8E41E26440D8200012457 /* StoreLocator.swift */,
			);
			path = Locators;
			sourceTree = "<group>";
		};
		39D8E424264415B100012457 /* RepositoryDetailsScreen */ = {
			isa = PBXGroup;
			children = (
				39D8E425264415D300012457 /* RepositoryDetailsViewController.swift */,
				39D8E42C2644163C00012457 /* RepositoryDetails.storyboard */,
			);
			path = RepositoryDetailsScreen;
			sourceTree = "<group>";
		};
		39D8E42F2644171F00012457 /* RepositoryDetailsHeader */ = {
			isa = PBXGroup;
			children = (
				39D8E4302644177700012457 /* RepositoryDetailsHeader.swift */,
				39D8E4342644189100012457 /* RepositoryDetailsHeader.xib */,
			);
			path = RepositoryDetailsHeader;
			sourceTree = "<group>";
		};
		39D8E43A26441F0900012457 /* RepositoryDetailsCell */ = {
			isa = PBXGroup;
			children = (
				39D8E43B26441F2F00012457 /* RepositoryDetailsCell.swift */,
				39D8E43C26441F2F00012457 /* RepositoryDetailsCell.xib */,
			);
			path = RepositoryDetailsCell;
			sourceTree = "<group>";
		};
		685D5EF97B0F3CE75B13E50E /* Pods */ = {
			isa = PBXGroup;
			children = (
				2BE5114B58046DDA2CD0E936 /* Pods-Boosters iOS Challenge.debug.xcconfig */,
				2C2F42E37F2BBE3030C4F918 /* Pods-Boosters iOS Challenge.release.xcconfig */,
				ABDA46D42C0E3EEC070EC8F2 /* Pods-Boosters iOS Challenge-Boosters iOS ChallengeUITests.debug.xcconfig */,
				725F9A611C97287096BF94D3 /* Pods-Boosters iOS Challenge-Boosters iOS ChallengeUITests.release.xcconfig */,
				AA239C12C8C7B84825D4E754 /* Pods-Boosters iOS ChallengeTests.debug.xcconfig */,
				78C6CBC028E15FEB1E814653 /* Pods-Boosters iOS ChallengeTests.release.xcconfig */,
			);
			path = Pods;
			sourceTree = "<group>";
		};
		A77B3423BF84E886CF0E9ADD /* Frameworks */ = {
			isa = PBXGroup;
			children = (
				7E2650F43506ADBFA578E3F2 /* Pods_Boosters_iOS_Challenge.framework */,
				D51C05D24B10AE9CEC03EB39 /* Pods_Boosters_iOS_Challenge_Boosters_iOS_ChallengeUITests.framework */,
				DC9B69E0F6B403FEF4ECAC8A /* Pods_Boosters_iOS_ChallengeTests.framework */,
			);
			name = Frameworks;
			sourceTree = "<group>";
		};
/* End PBXGroup section */

/* Begin PBXNativeTarget section */
		39D8E36D2643D73600012457 /* Boosters iOS Challenge */ = {
			isa = PBXNativeTarget;
			buildConfigurationList = 39D8E3982643D73600012457 /* Build configuration list for PBXNativeTarget "Boosters iOS Challenge" */;
			buildPhases = (
				1F417551D54FD006F81FD64E /* [CP] Check Pods Manifest.lock */,
				39D8E36A2643D73600012457 /* Sources */,
				39D8E36B2643D73600012457 /* Frameworks */,
				39D8E36C2643D73600012457 /* Resources */,
				65DF8F988CA9274B1C090C18 /* [CP] Embed Pods Frameworks */,
			);
			buildRules = (
			);
			dependencies = (
			);
			name = "Boosters iOS Challenge";
			productName = "Boosters iOS Challenge";
			productReference = 39D8E36E2643D73600012457 /* Boosters iOS Challenge.app */;
			productType = "com.apple.product-type.application";
		};
/* End PBXNativeTarget section */

/* Begin PBXProject section */
		39D8E3662643D73600012457 /* Project object */ = {
			isa = PBXProject;
			attributes = {
				LastSwiftUpdateCheck = 1240;
				LastUpgradeCheck = 1240;
				TargetAttributes = {
					39D8E36D2643D73600012457 = {
						CreatedOnToolsVersion = 12.4;
					};
				};
			};
			buildConfigurationList = 39D8E3692643D73600012457 /* Build configuration list for PBXProject "Boosters iOS Challenge" */;
			compatibilityVersion = "Xcode 12.0";
			developmentRegion = en;
			hasScannedForEncodings = 0;
			knownRegions = (
				en,
				Base,
			);
			mainGroup = 39D8E3652643D73600012457;
			productRefGroup = 39D8E36F2643D73600012457 /* Products */;
			projectDirPath = "";
			projectRoot = "";
			targets = (
				39D8E36D2643D73600012457 /* Boosters iOS Challenge */,
			);
		};
/* End PBXProject section */

/* Begin PBXResourcesBuildPhase section */
		39D8E36C2643D73600012457 /* Resources */ = {
			isa = PBXResourcesBuildPhase;
			buildActionMask = 2147483647;
			files = (
				39D8E40F2644023700012457 /* RepositoryCell.xib in Resources */,
				39D8E4352644189100012457 /* RepositoryDetailsHeader.xib in Resources */,
				39D8E42D2644163C00012457 /* RepositoryDetails.storyboard in Resources */,
				39D8E37E2643D73600012457 /* LaunchScreen.storyboard in Resources */,
				39D8E42226440FB700012457 /* Repositories.storyboard in Resources */,
				39D8E43E26441F2F00012457 /* RepositoryDetailsCell.xib in Resources */,
				39D8E37B2643D73600012457 /* Assets.xcassets in Resources */,
			);
			runOnlyForDeploymentPostprocessing = 0;
		};
/* End PBXResourcesBuildPhase section */

/* Begin PBXShellScriptBuildPhase section */
		1F417551D54FD006F81FD64E /* [CP] Check Pods Manifest.lock */ = {
			isa = PBXShellScriptBuildPhase;
			buildActionMask = 2147483647;
			files = (
			);
			inputFileListPaths = (
			);
			inputPaths = (
				"${PODS_PODFILE_DIR_PATH}/Podfile.lock",
				"${PODS_ROOT}/Manifest.lock",
			);
			name = "[CP] Check Pods Manifest.lock";
			outputFileListPaths = (
			);
			outputPaths = (
				"$(DERIVED_FILE_DIR)/Pods-Boosters iOS Challenge-checkManifestLockResult.txt",
			);
			runOnlyForDeploymentPostprocessing = 0;
			shellPath = /bin/sh;
			shellScript = "diff \"${PODS_PODFILE_DIR_PATH}/Podfile.lock\" \"${PODS_ROOT}/Manifest.lock\" > /dev/null\nif [ $? != 0 ] ; then\n    # print error to STDERR\n    echo \"error: The sandbox is not in sync with the Podfile.lock. Run 'pod install' or update your CocoaPods installation.\" >&2\n    exit 1\nfi\n# This output is used by Xcode 'outputs' to avoid re-running this script phase.\necho \"SUCCESS\" > \"${SCRIPT_OUTPUT_FILE_0}\"\n";
			showEnvVarsInLog = 0;
		};
		65DF8F988CA9274B1C090C18 /* [CP] Embed Pods Frameworks */ = {
			isa = PBXShellScriptBuildPhase;
			buildActionMask = 2147483647;
			files = (
			);
			inputFileListPaths = (
				"${PODS_ROOT}/Target Support Files/Pods-Boosters iOS Challenge/Pods-Boosters iOS Challenge-frameworks-${CONFIGURATION}-input-files.xcfilelist",
			);
			name = "[CP] Embed Pods Frameworks";
			outputFileListPaths = (
				"${PODS_ROOT}/Target Support Files/Pods-Boosters iOS Challenge/Pods-Boosters iOS Challenge-frameworks-${CONFIGURATION}-output-files.xcfilelist",
			);
			runOnlyForDeploymentPostprocessing = 0;
			shellPath = /bin/sh;
			shellScript = "\"${PODS_ROOT}/Target Support Files/Pods-Boosters iOS Challenge/Pods-Boosters iOS Challenge-frameworks.sh\"\n";
			showEnvVarsInLog = 0;
		};
/* End PBXShellScriptBuildPhase section */

/* Begin PBXSourcesBuildPhase section */
		39D8E36A2643D73600012457 /* Sources */ = {
			isa = PBXSourcesBuildPhase;
			buildActionMask = 2147483647;
			files = (
				39D8E3B12643D7D400012457 /* AppCoordinator.swift in Sources */,
				39D8E43826441D0A00012457 /* RepositoryDetailsSection.swift in Sources */,
				39D8E45426443B4F00012457 /* UIStoryboard.swift in Sources */,
				39D8E43D26441F2F00012457 /* RepositoryDetailsCell.swift in Sources */,
				39630447264571240080154B /* UIViewController.swift in Sources */,
				39D8E3C22643E3E600012457 /* Date.swift in Sources */,
				39D8E44D264425EE00012457 /* GitHubRouter.swift in Sources */,
				39D8E4122644074300012457 /* UIImageView.swift in Sources */,
				39D8E40E2644023700012457 /* RepositoryCell.swift in Sources */,
				39D8E426264415D300012457 /* RepositoryDetailsViewController.swift in Sources */,
				39D8E3F22643F3C400012457 /* RepositoriesViewState.swift in Sources */,
				39D8E4312644177700012457 /* RepositoryDetailsHeader.swift in Sources */,
				39D8E4412644244800012457 /* GitHubService.swift in Sources */,
				3963043E26454D690080154B /* AlertHelper.swift in Sources */,
				39D8E3722643D73600012457 /* AppDelegate.swift in Sources */,
				39D8E3F62643F3D100012457 /* RepositoryDetailsViewState.swift in Sources */,
				39630444264560130080154B /* AppStateAction.swift in Sources */,
				39D8E4072644016C00012457 /* UITableView.swift in Sources */,
				3995422B26453700007CDE33 /* ReSwiftBridging.swift in Sources */,
				39D8E3E42643F10200012457 /* AppState.swift in Sources */,
				39D8E41F26440D8200012457 /* StoreLocator.swift in Sources */,
				39D8E4162644082200012457 /* ImageCacher.swift in Sources */,
				39D8E3B72643D8B800012457 /* Repository.swift in Sources */,
				39D8E41B26440A3F00012457 /* RepositoriesViewController.swift in Sources */,
				39D8E3BC2643E19800012457 /* RepositoryOwner.swift in Sources */,
			);
			runOnlyForDeploymentPostprocessing = 0;
		};
/* End PBXSourcesBuildPhase section */

/* Begin PBXVariantGroup section */
		39D8E37C2643D73600012457 /* LaunchScreen.storyboard */ = {
			isa = PBXVariantGroup;
			children = (
				39D8E37D2643D73600012457 /* Base */,
			);
			name = LaunchScreen.storyboard;
			sourceTree = "<group>";
		};
/* End PBXVariantGroup section */

/* Begin XCBuildConfiguration section */
		39D8E3962643D73600012457 /* Debug */ = {
			isa = XCBuildConfiguration;
			buildSettings = {
				ALWAYS_SEARCH_USER_PATHS = NO;
				CLANG_ANALYZER_NONNULL = YES;
				CLANG_ANALYZER_NUMBER_OBJECT_CONVERSION = YES_AGGRESSIVE;
				CLANG_CXX_LANGUAGE_STANDARD = "gnu++14";
				CLANG_CXX_LIBRARY = "libc++";
				CLANG_ENABLE_MODULES = YES;
				CLANG_ENABLE_OBJC_ARC = YES;
				CLANG_ENABLE_OBJC_WEAK = YES;
				CLANG_WARN_BLOCK_CAPTURE_AUTORELEASING = YES;
				CLANG_WARN_BOOL_CONVERSION = YES;
				CLANG_WARN_COMMA = YES;
				CLANG_WARN_CONSTANT_CONVERSION = YES;
				CLANG_WARN_DEPRECATED_OBJC_IMPLEMENTATIONS = YES;
				CLANG_WARN_DIRECT_OBJC_ISA_USAGE = YES_ERROR;
				CLANG_WARN_DOCUMENTATION_COMMENTS = YES;
				CLANG_WARN_EMPTY_BODY = YES;
				CLANG_WARN_ENUM_CONVERSION = YES;
				CLANG_WARN_INFINITE_RECURSION = YES;
				CLANG_WARN_INT_CONVERSION = YES;
				CLANG_WARN_NON_LITERAL_NULL_CONVERSION = YES;
				CLANG_WARN_OBJC_IMPLICIT_RETAIN_SELF = YES;
				CLANG_WARN_OBJC_LITERAL_CONVERSION = YES;
				CLANG_WARN_OBJC_ROOT_CLASS = YES_ERROR;
				CLANG_WARN_QUOTED_INCLUDE_IN_FRAMEWORK_HEADER = YES;
				CLANG_WARN_RANGE_LOOP_ANALYSIS = YES;
				CLANG_WARN_STRICT_PROTOTYPES = YES;
				CLANG_WARN_SUSPICIOUS_MOVE = YES;
				CLANG_WARN_UNGUARDED_AVAILABILITY = YES_AGGRESSIVE;
				CLANG_WARN_UNREACHABLE_CODE = YES;
				CLANG_WARN__DUPLICATE_METHOD_MATCH = YES;
				COPY_PHASE_STRIP = NO;
				DEBUG_INFORMATION_FORMAT = dwarf;
				ENABLE_STRICT_OBJC_MSGSEND = YES;
				ENABLE_TESTABILITY = YES;
				GCC_C_LANGUAGE_STANDARD = gnu11;
				GCC_DYNAMIC_NO_PIC = NO;
				GCC_NO_COMMON_BLOCKS = YES;
				GCC_OPTIMIZATION_LEVEL = 0;
				GCC_PREPROCESSOR_DEFINITIONS = (
					"DEBUG=1",
					"$(inherited)",
				);
				GCC_WARN_64_TO_32_BIT_CONVERSION = YES;
				GCC_WARN_ABOUT_RETURN_TYPE = YES_ERROR;
				GCC_WARN_UNDECLARED_SELECTOR = YES;
				GCC_WARN_UNINITIALIZED_AUTOS = YES_AGGRESSIVE;
				GCC_WARN_UNUSED_FUNCTION = YES;
				GCC_WARN_UNUSED_VARIABLE = YES;
				IPHONEOS_DEPLOYMENT_TARGET = 13.0;
				MTL_ENABLE_DEBUG_INFO = INCLUDE_SOURCE;
				MTL_FAST_MATH = YES;
				ONLY_ACTIVE_ARCH = YES;
				SDKROOT = iphoneos;
				SWIFT_ACTIVE_COMPILATION_CONDITIONS = DEBUG;
				SWIFT_OPTIMIZATION_LEVEL = "-Onone";
			};
			name = Debug;
		};
		39D8E3972643D73600012457 /* Release */ = {
			isa = XCBuildConfiguration;
			buildSettings = {
				ALWAYS_SEARCH_USER_PATHS = NO;
				CLANG_ANALYZER_NONNULL = YES;
				CLANG_ANALYZER_NUMBER_OBJECT_CONVERSION = YES_AGGRESSIVE;
				CLANG_CXX_LANGUAGE_STANDARD = "gnu++14";
				CLANG_CXX_LIBRARY = "libc++";
				CLANG_ENABLE_MODULES = YES;
				CLANG_ENABLE_OBJC_ARC = YES;
				CLANG_ENABLE_OBJC_WEAK = YES;
				CLANG_WARN_BLOCK_CAPTURE_AUTORELEASING = YES;
				CLANG_WARN_BOOL_CONVERSION = YES;
				CLANG_WARN_COMMA = YES;
				CLANG_WARN_CONSTANT_CONVERSION = YES;
				CLANG_WARN_DEPRECATED_OBJC_IMPLEMENTATIONS = YES;
				CLANG_WARN_DIRECT_OBJC_ISA_USAGE = YES_ERROR;
				CLANG_WARN_DOCUMENTATION_COMMENTS = YES;
				CLANG_WARN_EMPTY_BODY = YES;
				CLANG_WARN_ENUM_CONVERSION = YES;
				CLANG_WARN_INFINITE_RECURSION = YES;
				CLANG_WARN_INT_CONVERSION = YES;
				CLANG_WARN_NON_LITERAL_NULL_CONVERSION = YES;
				CLANG_WARN_OBJC_IMPLICIT_RETAIN_SELF = YES;
				CLANG_WARN_OBJC_LITERAL_CONVERSION = YES;
				CLANG_WARN_OBJC_ROOT_CLASS = YES_ERROR;
				CLANG_WARN_QUOTED_INCLUDE_IN_FRAMEWORK_HEADER = YES;
				CLANG_WARN_RANGE_LOOP_ANALYSIS = YES;
				CLANG_WARN_STRICT_PROTOTYPES = YES;
				CLANG_WARN_SUSPICIOUS_MOVE = YES;
				CLANG_WARN_UNGUARDED_AVAILABILITY = YES_AGGRESSIVE;
				CLANG_WARN_UNREACHABLE_CODE = YES;
				CLANG_WARN__DUPLICATE_METHOD_MATCH = YES;
				COPY_PHASE_STRIP = NO;
				DEBUG_INFORMATION_FORMAT = "dwarf-with-dsym";
				ENABLE_NS_ASSERTIONS = NO;
				ENABLE_STRICT_OBJC_MSGSEND = YES;
				GCC_C_LANGUAGE_STANDARD = gnu11;
				GCC_NO_COMMON_BLOCKS = YES;
				GCC_WARN_64_TO_32_BIT_CONVERSION = YES;
				GCC_WARN_ABOUT_RETURN_TYPE = YES_ERROR;
				GCC_WARN_UNDECLARED_SELECTOR = YES;
				GCC_WARN_UNINITIALIZED_AUTOS = YES_AGGRESSIVE;
				GCC_WARN_UNUSED_FUNCTION = YES;
				GCC_WARN_UNUSED_VARIABLE = YES;
				IPHONEOS_DEPLOYMENT_TARGET = 13.0;
				MTL_ENABLE_DEBUG_INFO = NO;
				MTL_FAST_MATH = YES;
				SDKROOT = iphoneos;
				SWIFT_COMPILATION_MODE = wholemodule;
				SWIFT_OPTIMIZATION_LEVEL = "-O";
				VALIDATE_PRODUCT = YES;
			};
			name = Release;
		};
		39D8E3992643D73600012457 /* Debug */ = {
			isa = XCBuildConfiguration;
			baseConfigurationReference = 2BE5114B58046DDA2CD0E936 /* Pods-Boosters iOS Challenge.debug.xcconfig */;
			buildSettings = {
				ASSETCATALOG_COMPILER_APPICON_NAME = AppIcon;
				ASSETCATALOG_COMPILER_GLOBAL_ACCENT_COLOR_NAME = AccentColor;
				CODE_SIGN_STYLE = Automatic;
				DEVELOPMENT_TEAM = 3TVZ6QJSU6;
				INFOPLIST_FILE = "$(SRCROOT)/Resourses/Info.plist";
				IPHONEOS_DEPLOYMENT_TARGET = 13.0;
				LD_RUNPATH_SEARCH_PATHS = (
					"$(inherited)",
					"@executable_path/Frameworks",
				);
				PRODUCT_BUNDLE_IDENTIFIER = "com.chernikov.Boosters-iOS-Challenge";
				PRODUCT_NAME = "$(TARGET_NAME)";
				SWIFT_VERSION = 5.0;
				TARGETED_DEVICE_FAMILY = 1;
			};
			name = Debug;
		};
		39D8E39A2643D73600012457 /* Release */ = {
			isa = XCBuildConfiguration;
			baseConfigurationReference = 2C2F42E37F2BBE3030C4F918 /* Pods-Boosters iOS Challenge.release.xcconfig */;
			buildSettings = {
				ASSETCATALOG_COMPILER_APPICON_NAME = AppIcon;
				ASSETCATALOG_COMPILER_GLOBAL_ACCENT_COLOR_NAME = AccentColor;
				CODE_SIGN_STYLE = Automatic;
				DEVELOPMENT_TEAM = 3TVZ6QJSU6;
				INFOPLIST_FILE = "$(SRCROOT)/Resourses/Info.plist";
				IPHONEOS_DEPLOYMENT_TARGET = 13.0;
				LD_RUNPATH_SEARCH_PATHS = (
					"$(inherited)",
					"@executable_path/Frameworks",
				);
				PRODUCT_BUNDLE_IDENTIFIER = "com.chernikov.Boosters-iOS-Challenge";
				PRODUCT_NAME = "$(TARGET_NAME)";
				SWIFT_VERSION = 5.0;
				TARGETED_DEVICE_FAMILY = 1;
			};
			name = Release;
		};
/* End XCBuildConfiguration section */

/* Begin XCConfigurationList section */
		39D8E3692643D73600012457 /* Build configuration list for PBXProject "Boosters iOS Challenge" */ = {
			isa = XCConfigurationList;
			buildConfigurations = (
				39D8E3962643D73600012457 /* Debug */,
				39D8E3972643D73600012457 /* Release */,
			);
			defaultConfigurationIsVisible = 0;
			defaultConfigurationName = Release;
		};
		39D8E3982643D73600012457 /* Build configuration list for PBXNativeTarget "Boosters iOS Challenge" */ = {
			isa = XCConfigurationList;
			buildConfigurations = (
				39D8E3992643D73600012457 /* Debug */,
				39D8E39A2643D73600012457 /* Release */,
			);
			defaultConfigurationIsVisible = 0;
			defaultConfigurationName = Release;
		};
/* End XCConfigurationList section */
	};
	rootObject = 39D8E3662643D73600012457 /* Project object */;
}
